
Microsoft Visual Studio Solution File, Format Version 12.00
# Visual Studio Version 17
VisualStudioVersion = 17.6.33815.320
MinimumVisualStudioVersion = 10.0.40219.1
Project("{FAE04EC0-301F-11D3-BF4B-00C04F79EFBC}") = "sarkuteri2", "sarkuteri2\sarkuteri2.csproj", "{8EE68468-DB36-45B0-A052-B3CE8520BDA5}"
EndProject
Global
	GlobalSection(SolutionConfigurationPlatforms) = preSolution
		Debug|Any CPU = Debug|Any CPU
		Release|Any CPU = Release|Any CPU
	EndGlobalSection
	GlobalSection(ProjectConfigurationPlatforms) = postSolution
		{8EE68468-DB36-45B0-A052-B3CE8520BDA5}.Debug|Any CPU.ActiveCfg = Debug|Any CPU
		{8EE68468-DB36-45B0-A052-B3CE8520BDA5}.Debug|Any CPU.Build.0 = Debug|Any CPU
		{8EE68468-DB36-45B0-A052-B3CE8520BDA5}.Release|Any CPU.ActiveCfg = Release|Any CPU
		{8EE68468-DB36-45B0-A052-B3CE8520BDA5}.Release|Any CPU.Build.0 = Release|Any CPU
	EndGlobalSection
	GlobalSection(SolutionProperties) = preSolution
		HideSolutionNode = FALSE
	EndGlobalSection
	GlobalSection(ExtensibilityGlobals) = postSolution
		SolutionGuid = {3C3D7088-91C0-4659-8CF3-BC511E0DBDD8}
	EndGlobalSection
EndGlobal
